<?xml version="1.0" encoding="utf-8"?>
<Project ToolsVersion="4.0" xmlns="http://schemas.microsoft.com/developer/msbuild/2003">
  <ItemGroup>
    <Filter Include="소스 파일">
      <UniqueIdentifier>{4FC737F1-C7A5-4376-A066-2A32D752A2FF}</UniqueIdentifier>
      <Extensions>cpp;c;cxx;def;odl;idl;hpj;bat;asm;asmx</Extensions>
    </Filter>
    <Filter Include="헤더 파일">
      <UniqueIdentifier>{93995380-89BD-4b04-88EB-625FBE52EBFB}</UniqueIdentifier>
      <Extensions>h;hpp;hxx;hm;inl;inc;xsd</Extensions>
    </Filter>
    <Filter Include="리소스 파일">
      <UniqueIdentifier>{67DA6AB6-F800-4c08-8B7A-83BB121AAD01}</UniqueIdentifier>
      <Extensions>rc;ico;cur;bmp;dlg;rc2;rct;bin;rgs;gif;jpg;jpeg;jpe;resx</Extensions>
    </Filter>
    <Filter Include="DataDefine">
      <UniqueIdentifier>{59fc4e73-b870-4153-b85c-857e68f76a21}</UniqueIdentifier>
    </Filter>
  </ItemGroup>
  <ItemGroup>
    <ClCompile Include="AmbienceManager.cpp">
      <Filter>소스 파일</Filter>
    </ClCompile>
    <ClCompile Include="AmbienceStruct.cpp">
      <Filter>소스 파일</Filter>
    </ClCompile>
    <ClCompile Include="BaseCloth.cpp">
      <Filter>소스 파일</Filter>
    </ClCompile>
    <ClCompile Include="BGMController.cpp">
      <Filter>소스 파일</Filter>
    </ClCompile>
    <ClCompile Include="BgmManager.cpp">
      <Filter>소스 파일</Filter>
    </ClCompile>
    <ClCompile Include="BillboardParticle.cpp">
      <Filter>소스 파일</Filter>
    </ClCompile>
    <ClCompile Include="BoidScene.cpp">
      <Filter>소스 파일</Filter>
    </ClCompile>
    <ClCompile Include="BoidScene2.cpp">
      <Filter>소스 파일</Filter>
    </ClCompile>
    <ClCompile Include="BspScene.cpp">
      <Filter>소스 파일</Filter>
    </ClCompile>
    <ClCompile Include="CharacterCape.cpp">
      <Filter>소스 파일</Filter>
    </ClCompile>
    <ClCompile Include="CharacterLightShadowManager.cpp">
      <Filter>소스 파일</Filter>
    </ClCompile>
    <ClCompile Include="ChristmasParticle.cpp">
      <Filter>소스 파일</Filter>
    </ClCompile>
    <ClCompile Include="ChristmasParticleManager.cpp">
      <Filter>소스 파일</Filter>
    </ClCompile>
    <ClCompile Include="CircleParticle.cpp">
      <Filter>소스 파일</Filter>
    </ClCompile>
    <ClCompile Include="ClothMgr.cpp">
      <Filter>소스 파일</Filter>
    </ClCompile>
    <ClCompile Include="CloudScene.cpp">
      <Filter>소스 파일</Filter>
    </ClCompile>
    <ClCompile Include="CollisionDetection.cpp">
      <Filter>소스 파일</Filter>
    </ClCompile>
    <ClCompile Include="EffectObject.cpp">
      <Filter>소스 파일</Filter>
    </ClCompile>
    <ClCompile Include="EffectObjectAnimation.cpp">
      <Filter>소스 파일</Filter>
    </ClCompile>
    <ClCompile Include="FallScene.cpp">
      <Filter>소스 파일</Filter>
    </ClCompile>
    <ClCompile Include="FogManager.cpp">
      <Filter>소스 파일</Filter>
    </ClCompile>
    <ClCompile Include="FogScene.cpp">
      <Filter>소스 파일</Filter>
    </ClCompile>
    <ClCompile Include="FullSceneEffect.cpp">
      <Filter>소스 파일</Filter>
    </ClCompile>
    <ClCompile Include="FullScenePShader.cpp">
      <Filter>소스 파일</Filter>
    </ClCompile>
    <ClCompile Include="FullSceneShader.cpp">
      <Filter>소스 파일</Filter>
    </ClCompile>
    <ClCompile Include="GrassManager.cpp">
      <Filter>소스 파일</Filter>
    </ClCompile>
    <ClCompile Include="GrassScene.cpp">
      <Filter>소스 파일</Filter>
    </ClCompile>
    <ClCompile Include="H3DOutfitTable.cpp">
      <Filter>소스 파일</Filter>
    </ClCompile>
    <ClCompile Include="H3DWeaponTable.cpp">
      <Filter>소스 파일</Filter>
    </ClCompile>
    <ClCompile Include="HazeScene.cpp">
      <Filter>소스 파일</Filter>
    </ClCompile>
    <ClCompile Include="HeightFieldScene.cpp">
      <Filter>소스 파일</Filter>
    </ClCompile>
    <ClCompile Include="HouseNameObject.cpp">
      <Filter>소스 파일</Filter>
    </ClCompile>
    <ClCompile Include="HouseObject.cpp">
      <Filter>소스 파일</Filter>
    </ClCompile>
    <ClCompile Include="HouseObjectScene.cpp">
      <Filter>소스 파일</Filter>
    </ClCompile>
    <ClCompile Include="ImposterScene.cpp">
      <Filter>소스 파일</Filter>
    </ClCompile>
    <ClCompile Include="InHouseObjectMap.cpp">
      <Filter>소스 파일</Filter>
    </ClCompile>
    <ClCompile Include="InitValue.cpp">
      <Filter>소스 파일</Filter>
    </ClCompile>
    <ClCompile Include="InstanceObjectManager.cpp">
      <Filter>소스 파일</Filter>
    </ClCompile>
    <ClCompile Include="LayerFogScene.cpp">
      <Filter>소스 파일</Filter>
    </ClCompile>
    <ClCompile Include="LightContainer.cpp">
      <Filter>소스 파일</Filter>
    </ClCompile>
    <ClCompile Include="LightObject.cpp">
      <Filter>소스 파일</Filter>
    </ClCompile>
    <ClCompile Include="LightObjectScene.cpp">
      <Filter>소스 파일</Filter>
    </ClCompile>
    <ClCompile Include="LodMeshObject.cpp">
      <Filter>소스 파일</Filter>
    </ClCompile>
    <ClCompile Include="MapStorage.cpp">
      <Filter>소스 파일</Filter>
    </ClCompile>
    <ClCompile Include="MeshObject.cpp">
      <Filter>소스 파일</Filter>
    </ClCompile>
    <ClCompile Include="MeshObjectContainer.cpp">
      <Filter>소스 파일</Filter>
    </ClCompile>
    <ClCompile Include="NatureParticle.cpp">
      <Filter>소스 파일</Filter>
    </ClCompile>
    <ClCompile Include="NMesh.cpp">
      <Filter>소스 파일</Filter>
    </ClCompile>
    <ClCompile Include="ObjectContainer.cpp">
      <Filter>소스 파일</Filter>
    </ClCompile>
    <ClCompile Include="ObjectScene.cpp">
      <Filter>소스 파일</Filter>
    </ClCompile>
    <ClCompile Include="Octree.cpp">
      <Filter>소스 파일</Filter>
    </ClCompile>
    <ClCompile Include="OctreeScene.cpp">
      <Filter>소스 파일</Filter>
    </ClCompile>
    <ClCompile Include="Particle.cpp">
      <Filter>소스 파일</Filter>
    </ClCompile>
    <ClCompile Include="ParticleManager.cpp">
      <Filter>소스 파일</Filter>
    </ClCompile>
    <ClCompile Include="PerlinNoise.cpp">
      <Filter>소스 파일</Filter>
    </ClCompile>
    <ClCompile Include="QShader.cpp">
      <Filter>소스 파일</Filter>
    </ClCompile>
    <ClCompile Include="RBspScene.cpp">
      <Filter>소스 파일</Filter>
    </ClCompile>
    <ClCompile Include="RBspSceneManager.cpp">
      <Filter>소스 파일</Filter>
    </ClCompile>
    <ClCompile Include="RegionTrigger.cpp">
      <Filter>소스 파일</Filter>
    </ClCompile>
    <ClCompile Include="RenderBoundingBox.cpp">
      <Filter>소스 파일</Filter>
    </ClCompile>
    <ClCompile Include="ScatterParticle.cpp">
      <Filter>소스 파일</Filter>
    </ClCompile>
    <ClCompile Include="SceneEventMgr.cpp">
      <Filter>소스 파일</Filter>
    </ClCompile>
    <ClCompile Include="SceneLayerError.cpp">
      <Filter>소스 파일</Filter>
    </ClCompile>
    <ClCompile Include="SceneManager.cpp">
      <Filter>소스 파일</Filter>
    </ClCompile>
    <ClCompile Include="SceneNode.cpp">
      <Filter>소스 파일</Filter>
    </ClCompile>
    <ClCompile Include="SectorAmbienceMap.cpp">
      <Filter>소스 파일</Filter>
    </ClCompile>
    <ClCompile Include="SectorBGMTrigger.cpp">
      <Filter>소스 파일</Filter>
    </ClCompile>
    <ClCompile Include="SectorDungeonMap.cpp">
      <Filter>소스 파일</Filter>
    </ClCompile>
    <ClCompile Include="SectorEffectMap.cpp">
      <Filter>소스 파일</Filter>
    </ClCompile>
    <ClCompile Include="SectorFallMap.cpp">
      <Filter>소스 파일</Filter>
    </ClCompile>
    <ClCompile Include="SectorHeightMap.cpp">
      <Filter>소스 파일</Filter>
    </ClCompile>
    <ClCompile Include="SectorHouseMap.cpp">
      <Filter>소스 파일</Filter>
    </ClCompile>
    <ClCompile Include="SectorLandscapeEffectMap.cpp">
      <Filter>소스 파일</Filter>
    </ClCompile>
    <ClCompile Include="SectorLight.cpp">
      <Filter>소스 파일</Filter>
    </ClCompile>
    <ClCompile Include="SectorMeshMap.cpp">
      <Filter>소스 파일</Filter>
    </ClCompile>
    <ClCompile Include="SectorMustDivideVertexMap.cpp">
      <Filter>소스 파일</Filter>
    </ClCompile>
    <ClCompile Include="SectorPlantMap.cpp">
      <Filter>소스 파일</Filter>
    </ClCompile>
    <ClCompile Include="SectorScene.cpp">
      <Filter>소스 파일</Filter>
    </ClCompile>
    <ClCompile Include="SectorSoundMap.cpp">
      <Filter>소스 파일</Filter>
    </ClCompile>
    <ClCompile Include="SectorWaterMap.cpp">
      <Filter>소스 파일</Filter>
    </ClCompile>
    <ClCompile Include="SectorWideMap.cpp">
      <Filter>소스 파일</Filter>
    </ClCompile>
    <ClCompile Include="Shader.cpp">
      <Filter>소스 파일</Filter>
    </ClCompile>
    <ClCompile Include="ShaderScene.cpp">
      <Filter>소스 파일</Filter>
    </ClCompile>
    <ClCompile Include="ShadowVolume.cpp">
      <Filter>소스 파일</Filter>
    </ClCompile>
    <ClCompile Include="SimpleParser.cpp">
      <Filter>소스 파일</Filter>
    </ClCompile>
    <ClCompile Include="SkyScene.cpp">
      <Filter>소스 파일</Filter>
    </ClCompile>
    <ClCompile Include="SmokeParticle.cpp">
      <Filter>소스 파일</Filter>
    </ClCompile>
    <ClCompile Include="SnowFall.cpp">
      <Filter>소스 파일</Filter>
    </ClCompile>
    <ClCompile Include="SunScene.cpp">
      <Filter>소스 파일</Filter>
    </ClCompile>
    <ClCompile Include="TreeScene.cpp">
      <Filter>소스 파일</Filter>
    </ClCompile>
    <ClCompile Include="TriggerEvent.cpp">
      <Filter>소스 파일</Filter>
    </ClCompile>
    <ClCompile Include="TriTreeNode.cpp">
      <Filter>소스 파일</Filter>
    </ClCompile>
    <ClCompile Include="ViewFrustum.cpp">
      <Filter>소스 파일</Filter>
    </ClCompile>
    <ClCompile Include="WaterScene.cpp">
      <Filter>소스 파일</Filter>
    </ClCompile>
    <ClCompile Include="WaterW.cpp">
      <Filter>소스 파일</Filter>
    </ClCompile>
    <ClCompile Include="WaveLine.cpp">
      <Filter>소스 파일</Filter>
    </ClCompile>
    <ClCompile Include="WBLightMap.cpp">
      <Filter>소스 파일</Filter>
    </ClCompile>
    <ClCompile Include="WBLightMapBuild.cpp">
      <Filter>소스 파일</Filter>
    </ClCompile>
    <ClCompile Include="WBLightMapGenerator.cpp">
      <Filter>소스 파일</Filter>
    </ClCompile>
    <ClCompile Include="WBLightMapTex.cpp">
      <Filter>소스 파일</Filter>
    </ClCompile>
    <ClCompile Include="WeatherManager.cpp">
      <Filter>소스 파일</Filter>
    </ClCompile>
    <ClCompile Include="Z3D_CONSTANTS.cpp">
      <Filter>소스 파일</Filter>
    </ClCompile>
    <ClCompile Include="Z3D_GLOBALS.cpp">
      <Filter>소스 파일</Filter>
    </ClCompile>
    <ClCompile Include="Z3DAniHolder.cpp">
      <Filter>소스 파일</Filter>
    </ClCompile>
    <ClCompile Include="Z3DAniKeyPack.cpp">
      <Filter>소스 파일</Filter>
    </ClCompile>
    <ClCompile Include="Z3DAnimationController.cpp">
      <Filter>소스 파일</Filter>
    </ClCompile>
    <ClCompile Include="Z3DAniMixer.cpp">
      <Filter>소스 파일</Filter>
    </ClCompile>
    <ClCompile Include="Z3DAttachment.cpp">
      <Filter>소스 파일</Filter>
    </ClCompile>
    <ClCompile Include="Z3DBladeTrail.cpp">
      <Filter>소스 파일</Filter>
    </ClCompile>
    <ClCompile Include="Z3DBoundingVolumeObject.cpp">
      <Filter>소스 파일</Filter>
    </ClCompile>
    <ClCompile Include="Z3DCharacterModel.cpp">
      <Filter>소스 파일</Filter>
    </ClCompile>
    <ClCompile Include="Z3DChrEventGenerator.cpp">
      <Filter>소스 파일</Filter>
    </ClCompile>
    <ClCompile Include="Z3DGCMDS.cpp">
      <Filter>소스 파일</Filter>
    </ClCompile>
    <ClCompile Include="Z3DGeneralChrModel.cpp">
      <Filter>소스 파일</Filter>
    </ClCompile>
    <ClCompile Include="Z3DGlowHandler.cpp">
      <Filter>소스 파일</Filter>
    </ClCompile>
    <ClCompile Include="Z3DGradeEffectHandler.cpp">
      <Filter>소스 파일</Filter>
    </ClCompile>
    <ClCompile Include="Z3DManagedObject.cpp">
      <Filter>소스 파일</Filter>
    </ClCompile>
    <ClCompile Include="Z3DMapTok2FileName.cpp">
      <Filter>소스 파일</Filter>
    </ClCompile>
    <ClCompile Include="Z3DMaskedStream.cpp">
      <Filter>소스 파일</Filter>
    </ClCompile>
    <ClCompile Include="Z3DMath.cpp">
      <Filter>소스 파일</Filter>
    </ClCompile>
    <ClCompile Include="Z3DMultipartPortion.cpp">
      <Filter>소스 파일</Filter>
    </ClCompile>
    <ClCompile Include="Z3DMultipartSkin.cpp">
      <Filter>소스 파일</Filter>
    </ClCompile>
    <ClCompile Include="Z3DObject.cpp">
      <Filter>소스 파일</Filter>
    </ClCompile>
    <ClCompile Include="Z3DRenderable.cpp">
      <Filter>소스 파일</Filter>
    </ClCompile>
    <ClCompile Include="Z3DSkeletonObject.cpp">
      <Filter>소스 파일</Filter>
    </ClCompile>
    <ClCompile Include="Z3DStringTable.cpp">
      <Filter>소스 파일</Filter>
    </ClCompile>
    <ClCompile Include="Z3DTexture.cpp">
      <Filter>소스 파일</Filter>
    </ClCompile>
    <ClCompile Include="Z3DTexturePiece.cpp">
      <Filter>소스 파일</Filter>
    </ClCompile>
    <ClCompile Include="Z3dtypes.cpp">
      <Filter>소스 파일</Filter>
    </ClCompile>
    <ClCompile Include="Z3DWeapon.cpp">
      <Filter>소스 파일</Filter>
    </ClCompile>
    <ClCompile Include="DataDefine.cpp">
      <Filter>DataDefine</Filter>
    </ClCompile>
    <ClCompile Include="RenderOption.cpp">
      <Filter>DataDefine</Filter>
    </ClCompile>
  </ItemGroup>
  <ItemGroup>
    <ClInclude Include="AmbienceManager.h">
      <Filter>헤더 파일</Filter>
    </ClInclude>
    <ClInclude Include="AmbienceStruct.h">
      <Filter>헤더 파일</Filter>
    </ClInclude>
    <ClInclude Include="asedefine.h">
      <Filter>헤더 파일</Filter>
    </ClInclude>
    <ClInclude Include="BaseCloth.h">
      <Filter>헤더 파일</Filter>
    </ClInclude>
    <ClInclude Include="BgmManager.h">
      <Filter>헤더 파일</Filter>
    </ClInclude>
    <ClInclude Include="BillboardParticle.h">
      <Filter>헤더 파일</Filter>
    </ClInclude>
    <ClInclude Include="BinTree.h">
      <Filter>헤더 파일</Filter>
    </ClInclude>
    <ClInclude Include="BoidScene.h">
      <Filter>헤더 파일</Filter>
    </ClInclude>
    <ClInclude Include="BoidScene2.h">
      <Filter>헤더 파일</Filter>
    </ClInclude>
    <ClInclude Include="BspScene.h">
      <Filter>헤더 파일</Filter>
    </ClInclude>
    <ClInclude Include="CharacterCape.h">
      <Filter>헤더 파일</Filter>
    </ClInclude>
    <ClInclude Include="CharacterLightShadowManager.h">
      <Filter>헤더 파일</Filter>
    </ClInclude>
    <ClInclude Include="ChristmasParticle.h">
      <Filter>헤더 파일</Filter>
    </ClInclude>
    <ClInclude Include="ChristmasParticleManager.h">
      <Filter>헤더 파일</Filter>
    </ClInclude>
    <ClInclude Include="CircleParticle.h">
      <Filter>헤더 파일</Filter>
    </ClInclude>
    <ClInclude Include="ClothMgr.h">
      <Filter>헤더 파일</Filter>
    </ClInclude>
    <ClInclude Include="CloudScene.h">
      <Filter>헤더 파일</Filter>
    </ClInclude>
    <ClInclude Include="CollisionDetection.h">
      <Filter>헤더 파일</Filter>
    </ClInclude>
    <ClInclude Include="EffectObject.h">
      <Filter>헤더 파일</Filter>
    </ClInclude>
    <ClInclude Include="EffectObjectAnimation.h">
      <Filter>헤더 파일</Filter>
    </ClInclude>
    <ClInclude Include="FallScene.h">
      <Filter>헤더 파일</Filter>
    </ClInclude>
    <ClInclude Include="FogManager.h">
      <Filter>헤더 파일</Filter>
    </ClInclude>
    <ClInclude Include="FogScene.h">
      <Filter>헤더 파일</Filter>
    </ClInclude>
    <ClInclude Include="FullSceneEffect.h">
      <Filter>헤더 파일</Filter>
    </ClInclude>
    <ClInclude Include="FullScenePShader.h">
      <Filter>헤더 파일</Filter>
    </ClInclude>
    <ClInclude Include="FullSceneShader.h">
      <Filter>헤더 파일</Filter>
    </ClInclude>
    <ClInclude Include="GrassManager.h">
      <Filter>헤더 파일</Filter>
    </ClInclude>
    <ClInclude Include="GrassScene.h">
      <Filter>헤더 파일</Filter>
    </ClInclude>
    <ClInclude Include="H3DContainer.h">
      <Filter>헤더 파일</Filter>
    </ClInclude>
    <ClInclude Include="H3DOutfitTable.h">
      <Filter>헤더 파일</Filter>
    </ClInclude>
    <ClInclude Include="H3DWeaponTable.h">
      <Filter>헤더 파일</Filter>
    </ClInclude>
    <ClInclude Include="HazeScene.h">
      <Filter>헤더 파일</Filter>
    </ClInclude>
    <ClInclude Include="HeightFieldScene.h">
      <Filter>헤더 파일</Filter>
    </ClInclude>
    <ClInclude Include="HouseNameObject.h">
      <Filter>헤더 파일</Filter>
    </ClInclude>
    <ClInclude Include="HouseObject.h">
      <Filter>헤더 파일</Filter>
    </ClInclude>
    <ClInclude Include="HouseObjectScene.h">
      <Filter>헤더 파일</Filter>
    </ClInclude>
    <ClInclude Include="ImposterScene.h">
      <Filter>헤더 파일</Filter>
    </ClInclude>
    <ClInclude Include="InHouseObjectMap.h">
      <Filter>헤더 파일</Filter>
    </ClInclude>
    <ClInclude Include="InitValue.h">
      <Filter>헤더 파일</Filter>
    </ClInclude>
    <ClInclude Include="InstanceObjectManager.h">
      <Filter>헤더 파일</Filter>
    </ClInclude>
    <ClInclude Include="LayerFogScene.h">
      <Filter>헤더 파일</Filter>
    </ClInclude>
    <ClInclude Include="LightContainer.h">
      <Filter>헤더 파일</Filter>
    </ClInclude>
    <ClInclude Include="LightObject.h">
      <Filter>헤더 파일</Filter>
    </ClInclude>
    <ClInclude Include="LightObjectScene.h">
      <Filter>헤더 파일</Filter>
    </ClInclude>
    <ClInclude Include="LodMeshObject.h">
      <Filter>헤더 파일</Filter>
    </ClInclude>
    <ClInclude Include="MapStorage.h">
      <Filter>헤더 파일</Filter>
    </ClInclude>
    <ClInclude Include="MeshObject.h">
      <Filter>헤더 파일</Filter>
    </ClInclude>
    <ClInclude Include="MeshObjectContainer.h">
      <Filter>헤더 파일</Filter>
    </ClInclude>
    <ClInclude Include="misc.h">
      <Filter>헤더 파일</Filter>
    </ClInclude>
    <ClInclude Include="NatureParticle.h">
      <Filter>헤더 파일</Filter>
    </ClInclude>
    <ClInclude Include="NMesh.h">
      <Filter>헤더 파일</Filter>
    </ClInclude>
    <ClInclude Include="ObjectContainer.h">
      <Filter>헤더 파일</Filter>
    </ClInclude>
    <ClInclude Include="ObjectScene.h">
      <Filter>헤더 파일</Filter>
    </ClInclude>
    <ClInclude Include="Octree.h">
      <Filter>헤더 파일</Filter>
    </ClInclude>
    <ClInclude Include="OctreeScene.h">
      <Filter>헤더 파일</Filter>
    </ClInclude>
    <ClInclude Include="Particle.h">
      <Filter>헤더 파일</Filter>
    </ClInclude>
    <ClInclude Include="ParticleManager.h">
      <Filter>헤더 파일</Filter>
    </ClInclude>
    <ClInclude Include="PerlinNoise.h">
      <Filter>헤더 파일</Filter>
    </ClInclude>
    <ClInclude Include="QShader.h">
      <Filter>헤더 파일</Filter>
    </ClInclude>
    <ClInclude Include="RBspScene.h">
      <Filter>헤더 파일</Filter>
    </ClInclude>
    <ClInclude Include="RBspSceneManager.h">
      <Filter>헤더 파일</Filter>
    </ClInclude>
    <ClInclude Include="RegionTrigger.h">
      <Filter>헤더 파일</Filter>
    </ClInclude>
    <ClInclude Include="RenderBoundingBox.h">
      <Filter>헤더 파일</Filter>
    </ClInclude>
    <ClInclude Include="ScatterParticle.h">
      <Filter>헤더 파일</Filter>
    </ClInclude>
    <ClInclude Include="SceneEventMgr.h">
      <Filter>헤더 파일</Filter>
    </ClInclude>
    <ClInclude Include="SceneException.h">
      <Filter>헤더 파일</Filter>
    </ClInclude>
    <ClInclude Include="SceneLayerError.h">
      <Filter>헤더 파일</Filter>
    </ClInclude>
    <ClInclude Include="SceneManager.h">
      <Filter>헤더 파일</Filter>
    </ClInclude>
    <ClInclude Include="SceneNode.h">
      <Filter>헤더 파일</Filter>
    </ClInclude>
    <ClInclude Include="SectorAmbienceMap.h">
      <Filter>헤더 파일</Filter>
    </ClInclude>
    <ClInclude Include="SectorBGMTrigger.h">
      <Filter>헤더 파일</Filter>
    </ClInclude>
    <ClInclude Include="SectorDungeonMap.h">
      <Filter>헤더 파일</Filter>
    </ClInclude>
    <ClInclude Include="SectorEffectMap.h">
      <Filter>헤더 파일</Filter>
    </ClInclude>
    <ClInclude Include="SectorFallMap.h">
      <Filter>헤더 파일</Filter>
    </ClInclude>
    <ClInclude Include="SectorHeightMap.h">
      <Filter>헤더 파일</Filter>
    </ClInclude>
    <ClInclude Include="SectorHouseMap.h">
      <Filter>헤더 파일</Filter>
    </ClInclude>
    <ClInclude Include="SectorLandscapeEffectMap.h">
      <Filter>헤더 파일</Filter>
    </ClInclude>
    <ClInclude Include="SectorLight.h">
      <Filter>헤더 파일</Filter>
    </ClInclude>
    <ClInclude Include="SectorMeshMap.h">
      <Filter>헤더 파일</Filter>
    </ClInclude>
    <ClInclude Include="SectorMustDivideVertexMap.h">
      <Filter>헤더 파일</Filter>
    </ClInclude>
    <ClInclude Include="SectorPlantMap.h">
      <Filter>헤더 파일</Filter>
    </ClInclude>
    <ClInclude Include="SectorScene.h">
      <Filter>헤더 파일</Filter>
    </ClInclude>
    <ClInclude Include="SectorWaterMap.h">
      <Filter>헤더 파일</Filter>
    </ClInclude>
    <ClInclude Include="SectorWideMap.h">
      <Filter>헤더 파일</Filter>
    </ClInclude>
    <ClInclude Include="Shader.h">
      <Filter>헤더 파일</Filter>
    </ClInclude>
    <ClInclude Include="ShaderScene.h">
      <Filter>헤더 파일</Filter>
    </ClInclude>
    <ClInclude Include="ShadowVolume.h">
      <Filter>헤더 파일</Filter>
    </ClInclude>
    <ClInclude Include="SimpleParser.h">
      <Filter>헤더 파일</Filter>
    </ClInclude>
    <ClInclude Include="SimpleString.h">
      <Filter>헤더 파일</Filter>
    </ClInclude>
    <ClInclude Include="SkyScene.h">
      <Filter>헤더 파일</Filter>
    </ClInclude>
    <ClInclude Include="SmokeParticle.h">
      <Filter>헤더 파일</Filter>
    </ClInclude>
    <ClInclude Include="SnowFall.h">
      <Filter>헤더 파일</Filter>
    </ClInclude>
    <ClInclude Include="STL.h">
      <Filter>헤더 파일</Filter>
    </ClInclude>
    <ClInclude Include="SunScene.h">
      <Filter>헤더 파일</Filter>
    </ClInclude>
    <ClInclude Include="TreeScene.h">
      <Filter>헤더 파일</Filter>
    </ClInclude>
    <ClInclude Include="TriTreeNode.h">
      <Filter>헤더 파일</Filter>
    </ClInclude>
    <ClInclude Include="ViewFrustum.h">
      <Filter>헤더 파일</Filter>
    </ClInclude>
    <ClInclude Include="WaterScene.h">
      <Filter>헤더 파일</Filter>
    </ClInclude>
    <ClInclude Include="WaterW.h">
      <Filter>헤더 파일</Filter>
    </ClInclude>
    <ClInclude Include="WaveLine.h">
      <Filter>헤더 파일</Filter>
    </ClInclude>
    <ClInclude Include="WBLightMap.h">
      <Filter>헤더 파일</Filter>
    </ClInclude>
    <ClInclude Include="WBLightMapBuild.h">
      <Filter>헤더 파일</Filter>
    </ClInclude>
    <ClInclude Include="WBLightMapGenerator.h">
      <Filter>헤더 파일</Filter>
    </ClInclude>
    <ClInclude Include="WBLightMapTex.h">
      <Filter>헤더 파일</Filter>
    </ClInclude>
    <ClInclude Include="WeatherManager.h">
      <Filter>헤더 파일</Filter>
    </ClInclude>
    <ClInclude Include="Z3DAniHolder.h">
      <Filter>헤더 파일</Filter>
    </ClInclude>
    <ClInclude Include="Z3DAniKeyPack.h">
      <Filter>헤더 파일</Filter>
    </ClInclude>
    <ClInclude Include="Z3DAnimationController.h">
      <Filter>헤더 파일</Filter>
    </ClInclude>
    <ClInclude Include="Z3DAniMixer.h">
      <Filter>헤더 파일</Filter>
    </ClInclude>
    <ClInclude Include="Z3DAttachment.h">
      <Filter>헤더 파일</Filter>
    </ClInclude>
    <ClInclude Include="Z3DBladeTrail.h">
      <Filter>헤더 파일</Filter>
    </ClInclude>
    <ClInclude Include="Z3DBoundingVolumeObject.h">
      <Filter>헤더 파일</Filter>
    </ClInclude>
    <ClInclude Include="Z3DCacheMgr.h">
      <Filter>헤더 파일</Filter>
    </ClInclude>
    <ClInclude Include="Z3DChrEventGenerator.h">
      <Filter>헤더 파일</Filter>
    </ClInclude>
    <ClInclude Include="Z3DContainer.h">
      <Filter>헤더 파일</Filter>
    </ClInclude>
    <ClInclude Include="Z3DGCMDS.h">
      <Filter>헤더 파일</Filter>
    </ClInclude>
    <ClInclude Include="Z3DGeneralChrModel.h">
      <Filter>헤더 파일</Filter>
    </ClInclude>
    <ClInclude Include="Z3DGlowHandler.h">
      <Filter>헤더 파일</Filter>
    </ClInclude>
    <ClInclude Include="Z3DGradeEffectHandler.h">
      <Filter>헤더 파일</Filter>
    </ClInclude>
    <ClInclude Include="Z3DManagedObject.h">
      <Filter>헤더 파일</Filter>
    </ClInclude>
    <ClInclude Include="Z3DMapTok2FileName.h">
      <Filter>헤더 파일</Filter>
    </ClInclude>
    <ClInclude Include="Z3DMaskedStream.h">
      <Filter>헤더 파일</Filter>
    </ClInclude>
    <ClInclude Include="Z3DMath.h">
      <Filter>헤더 파일</Filter>
    </ClInclude>
    <ClInclude Include="Z3DMultipartPortion.h">
      <Filter>헤더 파일</Filter>
    </ClInclude>
    <ClInclude Include="Z3DMultipartSkin.h">
      <Filter>헤더 파일</Filter>
    </ClInclude>
    <ClInclude Include="Z3DObject.h">
      <Filter>헤더 파일</Filter>
    </ClInclude>
    <ClInclude Include="Z3DRenderable.h">
      <Filter>헤더 파일</Filter>
    </ClInclude>
    <ClInclude Include="Z3DSkeletonObject.h">
      <Filter>헤더 파일</Filter>
    </ClInclude>
    <ClInclude Include="Z3DStringTable.h">
      <Filter>헤더 파일</Filter>
    </ClInclude>
    <ClInclude Include="Z3DTexture.h">
      <Filter>헤더 파일</Filter>
    </ClInclude>
    <ClInclude Include="Z3DTexturePiece.h">
      <Filter>헤더 파일</Filter>
    </ClInclude>
    <ClInclude Include="Z3DTYPES.h">
      <Filter>헤더 파일</Filter>
    </ClInclude>
    <ClInclude Include="Z3DWeapon.h">
      <Filter>헤더 파일</Filter>
    </ClInclude>
    <ClInclude Include="BaseDataDefine.h">
      <Filter>DataDefine</Filter>
    </ClInclude>
    <ClInclude Include="BspDataDefine.h">
      <Filter>DataDefine</Filter>
    </ClInclude>
    <ClInclude Include="RenderOption.h">
      <Filter>DataDefine</Filter>
    </ClInclude>
    <ClInclude Include="SectorDefine.h">
      <Filter>DataDefine</Filter>
    </ClInclude>
    <ClInclude Include="Z3D_CONSTANTS.h">
      <Filter>DataDefine</Filter>
    </ClInclude>
    <ClInclude Include="Z3D_GLOBALS.h">
      <Filter>DataDefine</Filter>
    </ClInclude>
    <ClInclude Include="Z3DCharacterModel.h">
      <Filter>DataDefine</Filter>
    </ClInclude>
    <ClInclude Include="Z3DEventSignal.h">
      <Filter>DataDefine</Filter>
    </ClInclude>
  </ItemGroup>
  <ItemGroup>
    <None Include="ReadMe.txt" />
  </ItemGroup>
</Project>