<?xml version="1.0" encoding="utf-8"?>
<Project ToolsVersion="4.0" xmlns="http://schemas.microsoft.com/developer/msbuild/2003">
  <ItemGroup>
    <Filter Include="소스 파일">
      <UniqueIdentifier>{4FC737F1-C7A5-4376-A066-2A32D752A2FF}</UniqueIdentifier>
      <Extensions>cpp;c;cxx;def;odl;idl;hpj;bat;asm;asmx</Extensions>
    </Filter>
    <Filter Include="헤더 파일">
      <UniqueIdentifier>{93995380-89BD-4b04-88EB-625FBE52EBFB}</UniqueIdentifier>
      <Extensions>h;hpp;hxx;hm;inl;inc;xsd</Extensions>
    </Filter>
    <Filter Include="리소스 파일">
      <UniqueIdentifier>{67DA6AB6-F800-4c08-8B7A-83BB121AAD01}</UniqueIdentifier>
      <Extensions>rc;ico;cur;bmp;dlg;rc2;rct;bin;rgs;gif;jpg;jpeg;jpe;resx</Extensions>
    </Filter>
  </ItemGroup>
  <ItemGroup>
    <ClCompile Include="CEffscript.cpp">
      <Filter>소스 파일</Filter>
    </ClCompile>
    <ClCompile Include="CGemRender.cpp">
      <Filter>소스 파일</Filter>
    </ClCompile>
    <ClCompile Include="CLightning.cpp">
      <Filter>소스 파일</Filter>
    </ClCompile>
    <ClCompile Include="EffDebugLog.cpp">
      <Filter>소스 파일</Filter>
    </ClCompile>
    <ClCompile Include="MemoryPool.cpp">
      <Filter>소스 파일</Filter>
    </ClCompile>
    <ClCompile Include="SMRHeader.cpp">
      <Filter>소스 파일</Filter>
    </ClCompile>
    <ClCompile Include="SMRObj.cpp">
      <Filter>소스 파일</Filter>
    </ClCompile>
    <ClCompile Include="X3DEffect.cpp">
      <Filter>소스 파일</Filter>
    </ClCompile>
    <ClCompile Include="X3DEffectBase.cpp">
      <Filter>소스 파일</Filter>
    </ClCompile>
    <ClCompile Include="X3DEffectBillboard.cpp">
      <Filter>소스 파일</Filter>
    </ClCompile>
    <ClCompile Include="X3DEffectCylinder.cpp">
      <Filter>소스 파일</Filter>
    </ClCompile>
    <ClCompile Include="X3DEffectManager.cpp">
      <Filter>소스 파일</Filter>
    </ClCompile>
    <ClCompile Include="X3DEffectMesh.cpp">
      <Filter>소스 파일</Filter>
    </ClCompile>
    <ClCompile Include="X3DEffectParticle.cpp">
      <Filter>소스 파일</Filter>
    </ClCompile>
    <ClCompile Include="X3DEffectPlane.cpp">
      <Filter>소스 파일</Filter>
    </ClCompile>
    <ClCompile Include="X3DEffectSphere.cpp">
      <Filter>소스 파일</Filter>
    </ClCompile>
  </ItemGroup>
  <ItemGroup>
    <ClInclude Include="CEffscript.h">
      <Filter>헤더 파일</Filter>
    </ClInclude>
    <ClInclude Include="CEffscriptDefine.h">
      <Filter>헤더 파일</Filter>
    </ClInclude>
    <ClInclude Include="CGemRender.h">
      <Filter>헤더 파일</Filter>
    </ClInclude>
    <ClInclude Include="CLightning.h">
      <Filter>헤더 파일</Filter>
    </ClInclude>
    <ClInclude Include="EffDebugLog.h">
      <Filter>헤더 파일</Filter>
    </ClInclude>
    <ClInclude Include="Key.h">
      <Filter>헤더 파일</Filter>
    </ClInclude>
    <ClInclude Include="MemoryPool.h">
      <Filter>헤더 파일</Filter>
    </ClInclude>
    <ClInclude Include="SMRHeader.h">
      <Filter>헤더 파일</Filter>
    </ClInclude>
    <ClInclude Include="SMRObj.h">
      <Filter>헤더 파일</Filter>
    </ClInclude>
    <ClInclude Include="X3DEffect.h">
      <Filter>헤더 파일</Filter>
    </ClInclude>
    <ClInclude Include="X3DEffectBase.h">
      <Filter>헤더 파일</Filter>
    </ClInclude>
    <ClInclude Include="X3DEffectBillboard.h">
      <Filter>헤더 파일</Filter>
    </ClInclude>
    <ClInclude Include="X3DEffectCylinder.h">
      <Filter>헤더 파일</Filter>
    </ClInclude>
    <ClInclude Include="X3DEffectManager.h">
      <Filter>헤더 파일</Filter>
    </ClInclude>
    <ClInclude Include="X3DEffectMesh.h">
      <Filter>헤더 파일</Filter>
    </ClInclude>
    <ClInclude Include="X3DEffectParticle.h">
      <Filter>헤더 파일</Filter>
    </ClInclude>
    <ClInclude Include="X3DEffectPlane.h">
      <Filter>헤더 파일</Filter>
    </ClInclude>
    <ClInclude Include="X3DEffectSphere.h">
      <Filter>헤더 파일</Filter>
    </ClInclude>
  </ItemGroup>
  <ItemGroup>
    <None Include="ReadMe.txt" />
  </ItemGroup>
</Project>